
Microsoft Visual Studio Solution File, Format Version 12.00
# Visual Studio Version 17
VisualStudioVersion = 17.0.31903.59
MinimumVisualStudioVersion = 10.0.40219.1
Project("{FAE04EC0-301F-11D3-BF4B-00C04F79EFBC}") = "DKH.CustomerService.Domain", "DKH.CustomerService.Domain\DKH.CustomerService.Domain.csproj", "{11111111-1111-1111-1111-111111111001}"
EndProject
Project("{FAE04EC0-301F-11D3-BF4B-00C04F79EFBC}") = "DKH.CustomerService.Application", "DKH.CustomerService.Application\DKH.CustomerService.Application.csproj", "{11111111-1111-1111-1111-111111111002}"
EndProject
Project("{FAE04EC0-301F-11D3-BF4B-00C04F79EFBC}") = "DKH.CustomerService.Infrastructure", "DKH.CustomerService.Infrastructure\DKH.CustomerService.Infrastructure.csproj", "{11111111-1111-1111-1111-111111111003}"
EndProject
Project("{FAE04EC0-301F-11D3-BF4B-00C04F79EFBC}") = "DKH.CustomerService.Contracts", "DKH.CustomerService.Contracts\DKH.CustomerService.Contracts.csproj", "{11111111-1111-1111-1111-111111111004}"
EndProject
Project("{FAE04EC0-301F-11D3-BF4B-00C04F79EFBC}") = "DKH.CustomerService.Api", "DKH.CustomerService.Api\DKH.CustomerService.Api.csproj", "{11111111-1111-1111-1111-111111111005}"
EndProject
Project("{2150E333-8FDC-42A3-9474-1A3956D46DE8}") = "tests", "tests", "{11111111-1111-1111-1111-111111111100}"
EndProject
Project("{FAE04EC0-301F-11D3-BF4B-00C04F79EFBC}") = "DKH.CustomerService.Application.Tests", "tests\DKH.CustomerService.Application.Tests\DKH.CustomerService.Application.Tests.csproj", "{11111111-1111-1111-1111-111111111006}"
EndProject
Project("{2150E333-8FDC-42A3-9474-1A3956D46DE8}") = ".config", ".config", "{D7D55F22-24AA-464A-BD2D-4D9F004DE4EB}"
	ProjectSection(SolutionItems) = preProject
		.csharpierrc.json = .csharpierrc.json
		.editorconfig = .editorconfig
		.gitignore = .gitignore
		Directory.Build.props = Directory.Build.props
		Directory.Packages.props = Directory.Packages.props
		global.json = global.json
		nuget.config = nuget.config
		project.props = project.props
	EndProjectSection
EndProject
Project("{2150E333-8FDC-42A3-9474-1A3956D46DE8}") = ".github", ".github", "{E4FFE091-95EF-44FD-A308-E05E3966A976}"
EndProject
Project("{2150E333-8FDC-42A3-9474-1A3956D46DE8}") = "workflows", "workflows", "{F5390015-D948-4E00-A54E-0FF53F48FA00}"
	ProjectSection(SolutionItems) = preProject
		.github\workflows\release.yml = .github\workflows\release.yml
	EndProjectSection
EndProject
Project("{2150E333-8FDC-42A3-9474-1A3956D46DE8}") = ".scripts", ".scripts", "{62AC5DCC-6846-44AB-8D08-24C3C8DDB591}"
	ProjectSection(SolutionItems) = preProject
		.scripts\config.ps1 = .scripts\config.ps1
	EndProjectSection
EndProject
Project("{2150E333-8FDC-42A3-9474-1A3956D46DE8}") = "build", "build", "{4E3044B6-510C-41B8-A92C-323F65AFE5E5}"
	ProjectSection(SolutionItems) = preProject
		.scripts\build\build.ps1 = .scripts\build\build.ps1
	EndProjectSection
EndProject
Project("{2150E333-8FDC-42A3-9474-1A3956D46DE8}") = "config", "config", "{D658807F-B966-4CAD-9F1B-DBD20B4105D9}"
	ProjectSection(SolutionItems) = preProject
		.scripts\config\config.json = .scripts\config\config.json
		.scripts\config\environment-manager.ps1 = .scripts\config\environment-manager.ps1
		.scripts\config\project-finder.ps1 = .scripts\config\project-finder.ps1
		.scripts\config\scripts.manifest.json = .scripts\config\scripts.manifest.json
	EndProjectSection
EndProject
Project("{2150E333-8FDC-42A3-9474-1A3956D46DE8}") = "database", "database", "{3185045B-0195-4DA8-9A46-F25CD5DEAF02}"
	ProjectSection(SolutionItems) = preProject
		.scripts\database\postgres-db.ps1 = .scripts\database\postgres-db.ps1
	EndProjectSection
EndProject
Project("{2150E333-8FDC-42A3-9474-1A3956D46DE8}") = "docker", "docker", "{AD07EF8E-2F80-4F79-8198-F7175D86301F}"
	ProjectSection(SolutionItems) = preProject
		.scripts\docker\build-docker-run.ps1 = .scripts\docker\build-docker-run.ps1
	EndProjectSection
EndProject
Project("{2150E333-8FDC-42A3-9474-1A3956D46DE8}") = "maintenance", "maintenance", "{35517E26-3963-4FC1-9F74-73D9CF2199CE}"
	ProjectSection(SolutionItems) = preProject
		.scripts\maintenance\clean-packages.ps1 = .scripts\maintenance\clean-packages.ps1
		.scripts\maintenance\clean.ps1 = .scripts\maintenance\clean.ps1
	EndProjectSection
EndProject
Project("{2150E333-8FDC-42A3-9474-1A3956D46DE8}") = "utilities", "utilities", "{62BD1BB2-6237-4B42-8A7F-6B80B8AFC89A}"
	ProjectSection(SolutionItems) = preProject
		.scripts\utilities\set-commit-date.ps1 = .scripts\utilities\set-commit-date.ps1
		.scripts\utilities\setup-private-nuget.ps1 = .scripts\utilities\setup-private-nuget.ps1
	EndProjectSection
EndProject
Project("{2150E333-8FDC-42A3-9474-1A3956D46DE8}") = "modules", "modules", "{904C5F65-6EA6-4B2D-B0E5-04C1395CEE51}"
	ProjectSection(SolutionItems) = preProject
		.scripts\modules\dkh.configuration.psm1 = .scripts\modules\dkh.configuration.psm1
	EndProjectSection
EndProject
Project("{2150E333-8FDC-42A3-9474-1A3956D46DE8}") = "tools", "tools", "{275127A3-FF9B-4104-B53B-AEAA00ACE9FD}"
	ProjectSection(SolutionItems) = preProject
		.scripts\tools\user-secrets.ps1 = .scripts\tools\user-secrets.ps1
	EndProjectSection
EndProject
Project("{2150E333-8FDC-42A3-9474-1A3956D46DE8}") = "docs", "docs", "{655C55C9-99E7-40AE-BDBD-D99A5624F972}"
	ProjectSection(SolutionItems) = preProject
		docs\README.md = docs\README.md
	EndProjectSection
EndProject
Global
	GlobalSection(SolutionConfigurationPlatforms) = preSolution
		Debug|Any CPU = Debug|Any CPU
		Release|Any CPU = Release|Any CPU
	EndGlobalSection
	GlobalSection(ProjectConfigurationPlatforms) = postSolution
		{11111111-1111-1111-1111-111111111001}.Debug|Any CPU.ActiveCfg = Debug|Any CPU
		{11111111-1111-1111-1111-111111111001}.Debug|Any CPU.Build.0 = Debug|Any CPU
		{11111111-1111-1111-1111-111111111001}.Release|Any CPU.ActiveCfg = Release|Any CPU
		{11111111-1111-1111-1111-111111111001}.Release|Any CPU.Build.0 = Release|Any CPU
		{11111111-1111-1111-1111-111111111002}.Debug|Any CPU.ActiveCfg = Debug|Any CPU
		{11111111-1111-1111-1111-111111111002}.Debug|Any CPU.Build.0 = Debug|Any CPU
		{11111111-1111-1111-1111-111111111002}.Release|Any CPU.ActiveCfg = Release|Any CPU
		{11111111-1111-1111-1111-111111111002}.Release|Any CPU.Build.0 = Release|Any CPU
		{11111111-1111-1111-1111-111111111003}.Debug|Any CPU.ActiveCfg = Debug|Any CPU
		{11111111-1111-1111-1111-111111111003}.Debug|Any CPU.Build.0 = Debug|Any CPU
		{11111111-1111-1111-1111-111111111003}.Release|Any CPU.ActiveCfg = Release|Any CPU
		{11111111-1111-1111-1111-111111111003}.Release|Any CPU.Build.0 = Release|Any CPU
		{11111111-1111-1111-1111-111111111004}.Debug|Any CPU.ActiveCfg = Debug|Any CPU
		{11111111-1111-1111-1111-111111111004}.Debug|Any CPU.Build.0 = Debug|Any CPU
		{11111111-1111-1111-1111-111111111004}.Release|Any CPU.ActiveCfg = Release|Any CPU
		{11111111-1111-1111-1111-111111111004}.Release|Any CPU.Build.0 = Release|Any CPU
		{11111111-1111-1111-1111-111111111005}.Debug|Any CPU.ActiveCfg = Debug|Any CPU
		{11111111-1111-1111-1111-111111111005}.Debug|Any CPU.Build.0 = Debug|Any CPU
		{11111111-1111-1111-1111-111111111005}.Release|Any CPU.ActiveCfg = Release|Any CPU
		{11111111-1111-1111-1111-111111111005}.Release|Any CPU.Build.0 = Release|Any CPU
		{11111111-1111-1111-1111-111111111006}.Debug|Any CPU.ActiveCfg = Debug|Any CPU
		{11111111-1111-1111-1111-111111111006}.Debug|Any CPU.Build.0 = Debug|Any CPU
		{11111111-1111-1111-1111-111111111006}.Release|Any CPU.ActiveCfg = Release|Any CPU
		{11111111-1111-1111-1111-111111111006}.Release|Any CPU.Build.0 = Release|Any CPU
	EndGlobalSection
	GlobalSection(SolutionProperties) = preSolution
		HideSolutionNode = FALSE
	EndGlobalSection
	GlobalSection(NestedProjects) = preSolution
		{11111111-1111-1111-1111-111111111006} = {11111111-1111-1111-1111-111111111100}
		{F5390015-D948-4E00-A54E-0FF53F48FA00} = {E4FFE091-95EF-44FD-A308-E05E3966A976}
		{4E3044B6-510C-41B8-A92C-323F65AFE5E5} = {62AC5DCC-6846-44AB-8D08-24C3C8DDB591}
		{D658807F-B966-4CAD-9F1B-DBD20B4105D9} = {62AC5DCC-6846-44AB-8D08-24C3C8DDB591}
		{3185045B-0195-4DA8-9A46-F25CD5DEAF02} = {62AC5DCC-6846-44AB-8D08-24C3C8DDB591}
		{AD07EF8E-2F80-4F79-8198-F7175D86301F} = {62AC5DCC-6846-44AB-8D08-24C3C8DDB591}
		{35517E26-3963-4FC1-9F74-73D9CF2199CE} = {62AC5DCC-6846-44AB-8D08-24C3C8DDB591}
		{62BD1BB2-6237-4B42-8A7F-6B80B8AFC89A} = {62AC5DCC-6846-44AB-8D08-24C3C8DDB591}
		{904C5F65-6EA6-4B2D-B0E5-04C1395CEE51} = {62AC5DCC-6846-44AB-8D08-24C3C8DDB591}
		{275127A3-FF9B-4104-B53B-AEAA00ACE9FD} = {62AC5DCC-6846-44AB-8D08-24C3C8DDB591}
	EndGlobalSection
EndGlobal
