
Microsoft Visual Studio Solution File, Format Version 12.00
# Visual Studio Version 17
VisualStudioVersion = 17.0.31903.59
MinimumVisualStudioVersion = 10.0.40219.1
Project("{FAE04EC0-301F-11D3-BF4B-00C04F79EFBC}") = "DKH.CustomerService.Domain", "DKH.CustomerService.Domain\DKH.CustomerService.Domain.csproj", "{11111111-1111-1111-1111-111111111001}"
EndProject
Project("{FAE04EC0-301F-11D3-BF4B-00C04F79EFBC}") = "DKH.CustomerService.Application", "DKH.CustomerService.Application\DKH.CustomerService.Application.csproj", "{11111111-1111-1111-1111-111111111002}"
EndProject
Project("{FAE04EC0-301F-11D3-BF4B-00C04F79EFBC}") = "DKH.CustomerService.Infrastructure", "DKH.CustomerService.Infrastructure\DKH.CustomerService.Infrastructure.csproj", "{11111111-1111-1111-1111-111111111003}"
EndProject
Project("{FAE04EC0-301F-11D3-BF4B-00C04F79EFBC}") = "DKH.CustomerService.Contracts", "DKH.CustomerService.Contracts\DKH.CustomerService.Contracts.csproj", "{11111111-1111-1111-1111-111111111004}"
EndProject
Project("{FAE04EC0-301F-11D3-BF4B-00C04F79EFBC}") = "DKH.CustomerService.Api", "DKH.CustomerService.Api\DKH.CustomerService.Api.csproj", "{11111111-1111-1111-1111-111111111005}"
EndProject
Project("{2150E333-8FDC-42A3-9474-1A3956D46DE8}") = "tests", "tests", "{11111111-1111-1111-1111-111111111100}"
EndProject
Project("{FAE04EC0-301F-11D3-BF4B-00C04F79EFBC}") = "DKH.CustomerService.Application.Tests", "tests\DKH.CustomerService.Application.Tests\DKH.CustomerService.Application.Tests.csproj", "{11111111-1111-1111-1111-111111111006}"
EndProject
Project("{2150E333-8FDC-42A3-9474-1A3956D46DE8}") = ".config", ".config", "{FBB92647-C62F-4FAC-B997-972D7E626587}"
	ProjectSection(SolutionItems) = preProject
		.csharpierrc.json = .csharpierrc.json
		.editorconfig = .editorconfig
		.gitignore = .gitignore
		Directory.Build.props = Directory.Build.props
		Directory.Packages.props = Directory.Packages.props
		global.json = global.json
		nuget.config = nuget.config
		project.props = project.props
	EndProjectSection
EndProject
Project("{2150E333-8FDC-42A3-9474-1A3956D46DE8}") = ".scripts", ".scripts", "{63C5D8AD-1B42-4A31-BFE2-5B64A19B495C}"
	ProjectSection(SolutionItems) = preProject
		.scripts\config.ps1 = .scripts\config.ps1
	EndProjectSection
EndProject
Project("{2150E333-8FDC-42A3-9474-1A3956D46DE8}") = "build", "build", "{24386737-62C4-44CD-87CD-20964CFE3320}"
	ProjectSection(SolutionItems) = preProject
		.scripts\build\build.ps1 = .scripts\build\build.ps1
	EndProjectSection
EndProject
Project("{2150E333-8FDC-42A3-9474-1A3956D46DE8}") = "config", "config", "{9F7843AB-D08C-421B-9E4F-24B2E98B9B4D}"
	ProjectSection(SolutionItems) = preProject
		.scripts\config\config.json = .scripts\config\config.json
		.scripts\config\environment-manager.ps1 = .scripts\config\environment-manager.ps1
		.scripts\config\project-finder.ps1 = .scripts\config\project-finder.ps1
		.scripts\config\scripts.manifest.json = .scripts\config\scripts.manifest.json
	EndProjectSection
EndProject
Project("{2150E333-8FDC-42A3-9474-1A3956D46DE8}") = "database", "database", "{D70CDF40-32A2-4629-8846-9DD125DEEC10}"
	ProjectSection(SolutionItems) = preProject
		.scripts\database\postgres-db.ps1 = .scripts\database\postgres-db.ps1
	EndProjectSection
EndProject
Project("{2150E333-8FDC-42A3-9474-1A3956D46DE8}") = "docker", "docker", "{F565CCE4-B60F-4F16-BE7D-72694E65D14B}"
	ProjectSection(SolutionItems) = preProject
		.scripts\docker\build-docker-run.ps1 = .scripts\docker\build-docker-run.ps1
	EndProjectSection
EndProject
Project("{2150E333-8FDC-42A3-9474-1A3956D46DE8}") = "maintenance", "maintenance", "{E93751F8-FAD0-4AD7-B311-FD0C54ED49D9}"
	ProjectSection(SolutionItems) = preProject
		.scripts\maintenance\clean-packages.ps1 = .scripts\maintenance\clean-packages.ps1
		.scripts\maintenance\clean.ps1 = .scripts\maintenance\clean.ps1
	EndProjectSection
EndProject
Project("{2150E333-8FDC-42A3-9474-1A3956D46DE8}") = "utilities", "utilities", "{FE8BACED-B49A-48BE-B1A0-1676A630EFA2}"
	ProjectSection(SolutionItems) = preProject
		.scripts\utilities\set-commit-date.ps1 = .scripts\utilities\set-commit-date.ps1
		.scripts\utilities\setup-private-nuget.ps1 = .scripts\utilities\setup-private-nuget.ps1
	EndProjectSection
EndProject
Project("{2150E333-8FDC-42A3-9474-1A3956D46DE8}") = "modules", "modules", "{0AFC56FE-B1CC-43D2-9885-F2EFE4F6176F}"
	ProjectSection(SolutionItems) = preProject
		.scripts\modules\dkh.configuration.psm1 = .scripts\modules\dkh.configuration.psm1
	EndProjectSection
EndProject
Project("{2150E333-8FDC-42A3-9474-1A3956D46DE8}") = "tools", "tools", "{4581566D-5904-4F75-93A3-811AFF4E3C95}"
	ProjectSection(SolutionItems) = preProject
		.scripts\tools\user-secrets.ps1 = .scripts\tools\user-secrets.ps1
	EndProjectSection
EndProject
Global
	GlobalSection(SolutionConfigurationPlatforms) = preSolution
		Debug|Any CPU = Debug|Any CPU
		Release|Any CPU = Release|Any CPU
	EndGlobalSection
	GlobalSection(ProjectConfigurationPlatforms) = postSolution
		{11111111-1111-1111-1111-111111111001}.Debug|Any CPU.ActiveCfg = Debug|Any CPU
		{11111111-1111-1111-1111-111111111001}.Debug|Any CPU.Build.0 = Debug|Any CPU
		{11111111-1111-1111-1111-111111111001}.Release|Any CPU.ActiveCfg = Release|Any CPU
		{11111111-1111-1111-1111-111111111001}.Release|Any CPU.Build.0 = Release|Any CPU
		{11111111-1111-1111-1111-111111111002}.Debug|Any CPU.ActiveCfg = Debug|Any CPU
		{11111111-1111-1111-1111-111111111002}.Debug|Any CPU.Build.0 = Debug|Any CPU
		{11111111-1111-1111-1111-111111111002}.Release|Any CPU.ActiveCfg = Release|Any CPU
		{11111111-1111-1111-1111-111111111002}.Release|Any CPU.Build.0 = Release|Any CPU
		{11111111-1111-1111-1111-111111111003}.Debug|Any CPU.ActiveCfg = Debug|Any CPU
		{11111111-1111-1111-1111-111111111003}.Debug|Any CPU.Build.0 = Debug|Any CPU
		{11111111-1111-1111-1111-111111111003}.Release|Any CPU.ActiveCfg = Release|Any CPU
		{11111111-1111-1111-1111-111111111003}.Release|Any CPU.Build.0 = Release|Any CPU
		{11111111-1111-1111-1111-111111111004}.Debug|Any CPU.ActiveCfg = Debug|Any CPU
		{11111111-1111-1111-1111-111111111004}.Debug|Any CPU.Build.0 = Debug|Any CPU
		{11111111-1111-1111-1111-111111111004}.Release|Any CPU.ActiveCfg = Release|Any CPU
		{11111111-1111-1111-1111-111111111004}.Release|Any CPU.Build.0 = Release|Any CPU
		{11111111-1111-1111-1111-111111111005}.Debug|Any CPU.ActiveCfg = Debug|Any CPU
		{11111111-1111-1111-1111-111111111005}.Debug|Any CPU.Build.0 = Debug|Any CPU
		{11111111-1111-1111-1111-111111111005}.Release|Any CPU.ActiveCfg = Release|Any CPU
		{11111111-1111-1111-1111-111111111005}.Release|Any CPU.Build.0 = Release|Any CPU
		{11111111-1111-1111-1111-111111111006}.Debug|Any CPU.ActiveCfg = Debug|Any CPU
		{11111111-1111-1111-1111-111111111006}.Debug|Any CPU.Build.0 = Debug|Any CPU
		{11111111-1111-1111-1111-111111111006}.Release|Any CPU.ActiveCfg = Release|Any CPU
		{11111111-1111-1111-1111-111111111006}.Release|Any CPU.Build.0 = Release|Any CPU
	EndGlobalSection
	GlobalSection(SolutionProperties) = preSolution
		HideSolutionNode = FALSE
	EndGlobalSection
	GlobalSection(NestedProjects) = preSolution
		{11111111-1111-1111-1111-111111111006} = {11111111-1111-1111-1111-111111111100}
		{24386737-62C4-44CD-87CD-20964CFE3320} = {63C5D8AD-1B42-4A31-BFE2-5B64A19B495C}
		{9F7843AB-D08C-421B-9E4F-24B2E98B9B4D} = {63C5D8AD-1B42-4A31-BFE2-5B64A19B495C}
		{D70CDF40-32A2-4629-8846-9DD125DEEC10} = {63C5D8AD-1B42-4A31-BFE2-5B64A19B495C}
		{F565CCE4-B60F-4F16-BE7D-72694E65D14B} = {63C5D8AD-1B42-4A31-BFE2-5B64A19B495C}
		{E93751F8-FAD0-4AD7-B311-FD0C54ED49D9} = {63C5D8AD-1B42-4A31-BFE2-5B64A19B495C}
		{FE8BACED-B49A-48BE-B1A0-1676A630EFA2} = {63C5D8AD-1B42-4A31-BFE2-5B64A19B495C}
		{0AFC56FE-B1CC-43D2-9885-F2EFE4F6176F} = {63C5D8AD-1B42-4A31-BFE2-5B64A19B495C}
		{4581566D-5904-4F75-93A3-811AFF4E3C95} = {63C5D8AD-1B42-4A31-BFE2-5B64A19B495C}
	EndGlobalSection
EndGlobal
